{
  "originHash" : "510c7bfa51e0c30528c1ef5f46410bf7cf0d7fcfa227750709ee0614ecf7b2d1",
  "pins" : [
    {
      "identity" : "cloudxr-framework",
      "kind" : "remoteSourceControl",
      "location" : "https://github.com/NVIDIA/cloudxr-framework.git",
      "state" : {
        "revision" : "e6ddd41ea2c2bb26d2bf6a5effd332bd027562e0",
        "version" : "1.0.0"
      }
    }
  ],
  "version" : 3
}
